
Microsoft Visual Studio Solution File, Format Version 12.00
# Visual Studio Version 16
VisualStudioVersion = 16.0.29102.190
MinimumVisualStudioVersion = 15.0.26124.0
Project("{9A19103F-16F7-4668-BE54-9A1E7A4F7556}") = "LiveviL.GraphQL", "LiveviL.GraphQL\LiveviL.GraphQL.csproj", "{83ECFF42-858D-4CE2-ADA3-64E3B2090CE1}"
EndProject
Project("{FAE04EC0-301F-11D3-BF4B-00C04F79EFBC}") = "LiveviL.Console", "LiveviL.Console\LiveviL.Console.csproj", "{13F523B5-6A5E-4492-83E8-B569890DFF21}"
EndProject
Global
	GlobalSection(SolutionConfigurationPlatforms) = preSolution
		Debug|Any CPU = Debug|Any CPU
		Debug|x64 = Debug|x64
		Debug|x86 = Debug|x86
		Release|Any CPU = Release|Any CPU
		Release|x64 = Release|x64
		Release|x86 = Release|x86
	EndGlobalSection
	GlobalSection(ProjectConfigurationPlatforms) = postSolution
		{83ECFF42-858D-4CE2-ADA3-64E3B2090CE1}.Debug|Any CPU.ActiveCfg = Debug|Any CPU
		{83ECFF42-858D-4CE2-ADA3-64E3B2090CE1}.Debug|Any CPU.Build.0 = Debug|Any CPU
		{83ECFF42-858D-4CE2-ADA3-64E3B2090CE1}.Debug|x64.ActiveCfg = Debug|Any CPU
		{83ECFF42-858D-4CE2-ADA3-64E3B2090CE1}.Debug|x64.Build.0 = Debug|Any CPU
		{83ECFF42-858D-4CE2-ADA3-64E3B2090CE1}.Debug|x86.ActiveCfg = Debug|Any CPU
		{83ECFF42-858D-4CE2-ADA3-64E3B2090CE1}.Debug|x86.Build.0 = Debug|Any CPU
		{83ECFF42-858D-4CE2-ADA3-64E3B2090CE1}.Release|Any CPU.ActiveCfg = Release|Any CPU
		{83ECFF42-858D-4CE2-ADA3-64E3B2090CE1}.Release|Any CPU.Build.0 = Release|Any CPU
		{83ECFF42-858D-4CE2-ADA3-64E3B2090CE1}.Release|x64.ActiveCfg = Release|Any CPU
		{83ECFF42-858D-4CE2-ADA3-64E3B2090CE1}.Release|x64.Build.0 = Release|Any CPU
		{83ECFF42-858D-4CE2-ADA3-64E3B2090CE1}.Release|x86.ActiveCfg = Release|Any CPU
		{83ECFF42-858D-4CE2-ADA3-64E3B2090CE1}.Release|x86.Build.0 = Release|Any CPU
		{13F523B5-6A5E-4492-83E8-B569890DFF21}.Debug|Any CPU.ActiveCfg = Debug|Any CPU
		{13F523B5-6A5E-4492-83E8-B569890DFF21}.Debug|Any CPU.Build.0 = Debug|Any CPU
		{13F523B5-6A5E-4492-83E8-B569890DFF21}.Debug|x64.ActiveCfg = Debug|Any CPU
		{13F523B5-6A5E-4492-83E8-B569890DFF21}.Debug|x64.Build.0 = Debug|Any CPU
		{13F523B5-6A5E-4492-83E8-B569890DFF21}.Debug|x86.ActiveCfg = Debug|Any CPU
		{13F523B5-6A5E-4492-83E8-B569890DFF21}.Debug|x86.Build.0 = Debug|Any CPU
		{13F523B5-6A5E-4492-83E8-B569890DFF21}.Release|Any CPU.ActiveCfg = Release|Any CPU
		{13F523B5-6A5E-4492-83E8-B569890DFF21}.Release|Any CPU.Build.0 = Release|Any CPU
		{13F523B5-6A5E-4492-83E8-B569890DFF21}.Release|x64.ActiveCfg = Release|Any CPU
		{13F523B5-6A5E-4492-83E8-B569890DFF21}.Release|x64.Build.0 = Release|Any CPU
		{13F523B5-6A5E-4492-83E8-B569890DFF21}.Release|x86.ActiveCfg = Release|Any CPU
		{13F523B5-6A5E-4492-83E8-B569890DFF21}.Release|x86.Build.0 = Release|Any CPU
	EndGlobalSection
	GlobalSection(SolutionProperties) = preSolution
		HideSolutionNode = FALSE
	EndGlobalSection
	GlobalSection(ExtensibilityGlobals) = postSolution
		SolutionGuid = {70517015-44AF-46B0-AB3C-3D300776DA17}
	EndGlobalSection
EndGlobal
